{
    "_meta": {
        "hash": {
            "sha256": "6855597726a44b85fab69f61e906c6c6082a751642724c4ce13e3ddbece06d64"
        },
        "pipfile-spec": 6,
        "requires": {
            "python_version": "3.8"
        },
        "sources": [
            {
                "name": "pypi",
                "url": "https://pypi.org/simple",
                "verify_ssl": true
            }
        ]
    },
    "default": {
        "aiosmtpd": {
            "hashes": [
                "sha256:78d7b14f859ad0e6de252b47f9cf1ca6f1c82a8b0f10a9e39bec7e915a6aa5fe",
                "sha256:a196922f1903e54c4d37c53415b7613056d39e2b1e8249f324b9ee7a439be0f1"
            ],
            "index": "pypi",
            "markers": "python_version >= '3.8'",
            "version": "==1.4.5"
        },
        "atpublic": {
            "hashes": [
                "sha256:0f40433219e124edf115c6c363808ca6f0e1cfa7d160d86b2fb94793086d1294",
                "sha256:80057c55641253b86dcb68b524f82328172371b6547d4c7462a9127fbfbbabfc"
            ],
            "markers": "python_version >= '3.8'",
            "version": "==4.0"
        },
        "attrs": {
            "hashes": [
                "sha256:935dc3b529c262f6cf76e50877d35a4bd3c1de194fd41f47a2b7ae8f19971f30",
                "sha256:99b87a485a5820b23b879f04c2305b44b951b502fd64be915879d77a7e8fc6f1"
            ],
            "markers": "python_version >= '3.7'",
            "version": "==23.2.0"
        }
    },
    "develop": {}
}
